
Microsoft Visual Studio Solution File, Format Version 12.00
# Visual Studio Version 16
VisualStudioVersion = 16.0.31321.278
MinimumVisualStudioVersion = 10.0.40219.1
Project("{FAE04EC0-301F-11D3-BF4B-00C04F79EFBC}") = "BBP_Backend", "BBP_Backend\BBP_Backend.csproj", "{5840EDA9-BF6A-4335-8C0E-D6FBF986FA22}"
EndProject
Global
	GlobalSection(SolutionConfigurationPlatforms) = preSolution
		Debug|Any CPU = Debug|Any CPU
		Release|Any CPU = Release|Any CPU
	EndGlobalSection
	GlobalSection(ProjectConfigurationPlatforms) = postSolution
		{5840EDA9-BF6A-4335-8C0E-D6FBF986FA22}.Debug|Any CPU.ActiveCfg = Debug|Any CPU
		{5840EDA9-BF6A-4335-8C0E-D6FBF986FA22}.Debug|Any CPU.Build.0 = Debug|Any CPU
		{5840EDA9-BF6A-4335-8C0E-D6FBF986FA22}.Release|Any CPU.ActiveCfg = Release|Any CPU
		{5840EDA9-BF6A-4335-8C0E-D6FBF986FA22}.Release|Any CPU.Build.0 = Release|Any CPU
	EndGlobalSection
	GlobalSection(SolutionProperties) = preSolution
		HideSolutionNode = FALSE
	EndGlobalSection
	GlobalSection(ExtensibilityGlobals) = postSolution
		SolutionGuid = {61A86557-76C6-4F35-93C6-2841E882FC93}
	EndGlobalSection
EndGlobal
